// !$*UTF8*$!
{
	archiveVersion = 1;
	classes = {
	};
	objectVersion = 77;
	objects = {

/* Begin PBXContainerItemProxy section */
		F75AC8B12CE375C7007A4F20 /* PBXContainerItemProxy */ = {
			isa = PBXContainerItemProxy;
			containerPortal = F75AC8982CE375C5007A4F20 /* Project object */;
			proxyType = 1;
			remoteGlobalIDString = F75AC89F2CE375C5007A4F20;
			remoteInfo = NeuroBandApp;
		};
		F75AC8BB2CE375C7007A4F20 /* PBXContainerItemProxy */ = {
			isa = PBXContainerItemProxy;
			containerPortal = F75AC8982CE375C5007A4F20 /* Project object */;
			proxyType = 1;
			remoteGlobalIDString = F75AC89F2CE375C5007A4F20;
			remoteInfo = NeuroBandApp;
		};
/* End PBXContainerItemProxy section */

/* Begin PBXFileReference section */
		F75AC8A02CE375C6007A4F20 /* NeuroBandApp.app */ = {isa = PBXFileReference; explicitFileType = wrapper.application; includeInIndex = 0; path = NeuroBandApp.app; sourceTree = BUILT_PRODUCTS_DIR; };
		F75AC8B02CE375C7007A4F20 /* NeuroBandAppTests.xctest */ = {isa = PBXFileReference; explicitFileType = wrapper.cfbundle; includeInIndex = 0; path = NeuroBandAppTests.xctest; sourceTree = BUILT_PRODUCTS_DIR; };
		F75AC8BA2CE375C7007A4F20 /* NeuroBandAppUITests.xctest */ = {isa = PBXFileReference; explicitFileType = wrapper.cfbundle; includeInIndex = 0; path = NeuroBandAppUITests.xctest; sourceTree = BUILT_PRODUCTS_DIR; };
/* End PBXFileReference section */

/* Begin PBXFileSystemSynchronizedBuildFileExceptionSet section */
		90CB4B822F260290001D295F /* Exceptions for "NeuroBandApp" folder in "NeuroBandApp" target */ = {
			isa = PBXFileSystemSynchronizedBuildFileExceptionSet;
			membershipExceptions = (
				Info.plist,
			);
			target = F75AC89F2CE375C5007A4F20 /* NeuroBandApp */;
		};
/* End PBXFileSystemSynchronizedBuildFileExceptionSet section */

/* Begin PBXFileSystemSynchronizedRootGroup section */
		F75AC8A22CE375C6007A4F20 /* NeuroBandApp */ = {
			isa = PBXFileSystemSynchronizedRootGroup;
			exceptions = (
				90CB4B822F260290001D295F /* Exceptions for "NeuroBandApp" folder in "NeuroBandApp" target */,
			);
			path = NeuroBandApp;
			sourceTree = "<group>";
		};
		F75AC8B32CE375C7007A4F20 /* NeuroBandAppTests */ = {
			isa = PBXFileSystemSynchronizedRootGroup;
			path = NeuroBandAppTests;
			sourceTree = "<group>";
		};
		F75AC8BD2CE375C7007A4F20 /* NeuroBandAppUITests */ = {
			isa = PBXFileSystemSynchronizedRootGroup;
			path = NeuroBandAppUITests;
			sourceTree = "<group>";
		};
/* End PBXFileSystemSynchronizedRootGroup section */

/* Begin PBXFrameworksBuildPhase section */
		F75AC89D2CE375C5007A4F20 /* Frameworks */ = {
			isa = PBXFrameworksBuildPhase;
			buildActionMask = 2147483647;
			files = (
			);
			runOnlyForDeploymentPostprocessing = 0;
		};
		F75AC8AD2CE375C7007A4F20 /* Frameworks */ = {
			isa = PBXFrameworksBuildPhase;
			buildActionMask = 2147483647;
			files = (
			);
			runOnlyForDeploymentPostprocessing = 0;
		};
		F75AC8B72CE375C7007A4F20 /* Frameworks */ = {
			isa = PBXFrameworksBuildPhase;
			buildActionMask = 2147483647;
			files = (
			);
			runOnlyForDeploymentPostprocessing = 0;
		};
/* End PBXFrameworksBuildPhase section */

/* Begin PBXGroup section */
		F75AC8972CE375C5007A4F20 = {
			isa = PBXGroup;
			children = (
				F75AC8A22CE375C6007A4F20 /* NeuroBandApp */,
				F75AC8B32CE375C7007A4F20 /* NeuroBandAppTests */,
				F75AC8BD2CE375C7007A4F20 /* NeuroBandAppUITests */,
				F75AC8A12CE375C6007A4F20 /* Products */,
			);
			sourceTree = "<group>";
		};
		F75AC8A12CE375C6007A4F20 /* Products */ = {
			isa = PBXGroup;
			children = (
				F75AC8A02CE375C6007A4F20 /* NeuroBandApp.app */,
				F75AC8B02CE375C7007A4F20 /* NeuroBandAppTests.xctest */,
				F75AC8BA2CE375C7007A4F20 /* NeuroBandAppUITests.xctest */,
			);
			name = Products;
			sourceTree = "<group>";
		};
/* End PBXGroup section */

/* Begin PBXNativeTarget section */
		F75AC89F2CE375C5007A4F20 /* NeuroBandApp */ = {
			isa = PBXNativeTarget;
			buildConfigurationList = F75AC8C42CE375C7007A4F20 /* Build configuration list for PBXNativeTarget "NeuroBandApp" */;
			buildPhases = (
				F75AC89C2CE375C5007A4F20 /* Sources */,
				F75AC89D2CE375C5007A4F20 /* Frameworks */,
				F75AC89E2CE375C5007A4F20 /* Resources */,
			);
			buildRules = (
			);
			dependencies = (
			);
			fileSystemSynchronizedGroups = (
				F75AC8A22CE375C6007A4F20 /* NeuroBandApp */,
			);
			name = NeuroBandApp;
			packageProductDependencies = (
			);
			productName = NeuroBandApp;
			productReference = F75AC8A02CE375C6007A4F20 /* NeuroBandApp.app */;
			productType = "com.apple.product-type.application";
		};
		F75AC8AF2CE375C7007A4F20 /* NeuroBandAppTests */ = {
			isa = PBXNativeTarget;
			buildConfigurationList = F75AC8C72CE375C7007A4F20 /* Build configuration list for PBXNativeTarget "NeuroBandAppTests" */;
			buildPhases = (
				F75AC8AC2CE375C7007A4F20 /* Sources */,
				F75AC8AD2CE375C7007A4F20 /* Frameworks */,
				F75AC8AE2CE375C7007A4F20 /* Resources */,
			);
			buildRules = (
			);
			dependencies = (
				F75AC8B22CE375C7007A4F20 /* PBXTargetDependency */,
			);
			fileSystemSynchronizedGroups = (
				F75AC8B32CE375C7007A4F20 /* NeuroBandAppTests */,
			);
			name = NeuroBandAppTests;
			packageProductDependencies = (
			);
			productName = NeuroBandAppTests;
			productReference = F75AC8B02CE375C7007A4F20 /* NeuroBandAppTests.xctest */;
			productType = "com.apple.product-type.bundle.unit-test";
		};
		F75AC8B92CE375C7007A4F20 /* NeuroBandAppUITests */ = {
			isa = PBXNativeTarget;
			buildConfigurationList = F75AC8CA2CE375C7007A4F20 /* Build configuration list for PBXNativeTarget "NeuroBandAppUITests" */;
			buildPhases = (
				F75AC8B62CE375C7007A4F20 /* Sources */,
				F75AC8B72CE375C7007A4F20 /* Frameworks */,
				F75AC8B82CE375C7007A4F20 /* Resources */,
			);
			buildRules = (
			);
			dependencies = (
				F75AC8BC2CE375C7007A4F20 /* PBXTargetDependency */,
			);
			fileSystemSynchronizedGroups = (
				F75AC8BD2CE375C7007A4F20 /* NeuroBandAppUITests */,
			);
			name = NeuroBandAppUITests;
			packageProductDependencies = (
			);
			productName = NeuroBandAppUITests;
			productReference = F75AC8BA2CE375C7007A4F20 /* NeuroBandAppUITests.xctest */;
			productType = "com.apple.product-type.bundle.ui-testing";
		};
/* End PBXNativeTarget section */

/* Begin PBXProject section */
		F75AC8982CE375C5007A4F20 /* Project object */ = {
			isa = PBXProject;
			attributes = {
				BuildIndependentTargetsInParallel = 1;
				LastSwiftUpdateCheck = 1610;
				LastUpgradeCheck = 2620;
				TargetAttributes = {
					F75AC89F2CE375C5007A4F20 = {
						CreatedOnToolsVersion = 16.1;
					};
					F75AC8AF2CE375C7007A4F20 = {
						CreatedOnToolsVersion = 16.1;
						TestTargetID = F75AC89F2CE375C5007A4F20;
					};
					F75AC8B92CE375C7007A4F20 = {
						CreatedOnToolsVersion = 16.1;
						TestTargetID = F75AC89F2CE375C5007A4F20;
					};
				};
			};
			buildConfigurationList = F75AC89B2CE375C5007A4F20 /* Build configuration list for PBXProject "NeuroBandApp" */;
			developmentRegion = en;
			hasScannedForEncodings = 0;
			knownRegions = (
				en,
				Base,
			);
			mainGroup = F75AC8972CE375C5007A4F20;
			minimizedProjectReferenceProxies = 1;
			preferredProjectObjectVersion = 77;
			productRefGroup = F75AC8A12CE375C6007A4F20 /* Products */;
			projectDirPath = "";
			projectRoot = "";
			targets = (
				F75AC89F2CE375C5007A4F20 /* NeuroBandApp */,
				F75AC8AF2CE375C7007A4F20 /* NeuroBandAppTests */,
				F75AC8B92CE375C7007A4F20 /* NeuroBandAppUITests */,
			);
		};
/* End PBXProject section */

/* Begin PBXResourcesBuildPhase section */
		F75AC89E2CE375C5007A4F20 /* Resources */ = {
			isa = PBXResourcesBuildPhase;
			buildActionMask = 2147483647;
			files = (
			);
			runOnlyForDeploymentPostprocessing = 0;
		};
		F75AC8AE2CE375C7007A4F20 /* Resources */ = {
			isa = PBXResourcesBuildPhase;
			buildActionMask = 2147483647;
			files = (
			);
			runOnlyForDeploymentPostprocessing = 0;
		};
		F75AC8B82CE375C7007A4F20 /* Resources */ = {
			isa = PBXResourcesBuildPhase;
			buildActionMask = 2147483647;
			files = (
			);
			runOnlyForDeploymentPostprocessing = 0;
		};
/* End PBXResourcesBuildPhase section */

/* Begin PBXSourcesBuildPhase section */
		F75AC89C2CE375C5007A4F20 /* Sources */ = {
			isa = PBXSourcesBuildPhase;
			buildActionMask = 2147483647;
			files = (
			);
			runOnlyForDeploymentPostprocessing = 0;
		};
		F75AC8AC2CE375C7007A4F20 /* Sources */ = {
			isa = PBXSourcesBuildPhase;
			buildActionMask = 2147483647;
			files = (
			);
			runOnlyForDeploymentPostprocessing = 0;
		};
		F75AC8B62CE375C7007A4F20 /* Sources */ = {
			isa = PBXSourcesBuildPhase;
			buildActionMask = 2147483647;
			files = (
			);
			runOnlyForDeploymentPostprocessing = 0;
		};
/* End PBXSourcesBuildPhase section */

/* Begin PBXTargetDependency section */
		F75AC8B22CE375C7007A4F20 /* PBXTargetDependency */ = {
			isa = PBXTargetDependency;
			target = F75AC89F2CE375C5007A4F20 /* NeuroBandApp */;
			targetProxy = F75AC8B12CE375C7007A4F20 /* PBXContainerItemProxy */;
		};
		F75AC8BC2CE375C7007A4F20 /* PBXTargetDependency */ = {
			isa = PBXTargetDependency;
			target = F75AC89F2CE375C5007A4F20 /* NeuroBandApp */;
			targetProxy = F75AC8BB2CE375C7007A4F20 /* PBXContainerItemProxy */;
		};
/* End PBXTargetDependency section */

/* Begin XCBuildConfiguration section */
		F75AC8C22CE375C7007A4F20 /* Debug */ = {
			isa = XCBuildConfiguration;
			buildSettings = {
				ALWAYS_SEARCH_USER_PATHS = NO;
				ASSETCATALOG_COMPILER_GENERATE_SWIFT_ASSET_SYMBOL_EXTENSIONS = YES;
				CLANG_ANALYZER_NONNULL = YES;
				CLANG_ANALYZER_NUMBER_OBJECT_CONVERSION = YES_AGGRESSIVE;
				CLANG_CXX_LANGUAGE_STANDARD = "gnu++20";
				CLANG_ENABLE_MODULES = YES;
				CLANG_ENABLE_OBJC_ARC = YES;
				CLANG_ENABLE_OBJC_WEAK = YES;
				CLANG_WARN_BLOCK_CAPTURE_AUTORELEASING = YES;
				CLANG_WARN_BOOL_CONVERSION = YES;
				CLANG_WARN_COMMA = YES;
				CLANG_WARN_CONSTANT_CONVERSION = YES;
				CLANG_WARN_DEPRECATED_OBJC_IMPLEMENTATIONS = YES;
				CLANG_WARN_DIRECT_OBJC_ISA_USAGE = YES_ERROR;
				CLANG_WARN_DOCUMENTATION_COMMENTS = YES;
				CLANG_WARN_EMPTY_BODY = YES;
				CLANG_WARN_ENUM_CONVERSION = YES;
				CLANG_WARN_INFINITE_RECURSION = YES;
				CLANG_WARN_INT_CONVERSION = YES;
				CLANG_WARN_NON_LITERAL_NULL_CONVERSION = YES;
				CLANG_WARN_OBJC_IMPLICIT_RETAIN_SELF = YES;
				CLANG_WARN_OBJC_LITERAL_CONVERSION = YES;
				CLANG_WARN_OBJC_ROOT_CLASS = YES_ERROR;
				CLANG_WARN_QUOTED_INCLUDE_IN_FRAMEWORK_HEADER = YES;
				CLANG_WARN_RANGE_LOOP_ANALYSIS = YES;
				CLANG_WARN_STRICT_PROTOTYPES = YES;
				CLANG_WARN_SUSPICIOUS_MOVE = YES;
				CLANG_WARN_UNGUARDED_AVAILABILITY = YES_AGGRESSIVE;
				CLANG_WARN_UNREACHABLE_CODE = YES;
				CLANG_WARN__DUPLICATE_METHOD_MATCH = YES;
				COPY_PHASE_STRIP = NO;
				DEBUG_INFORMATION_FORMAT = dwarf;
				ENABLE_STRICT_OBJC_MSGSEND = YES;
				ENABLE_TESTABILITY = YES;
				ENABLE_USER_SCRIPT_SANDBOXING = YES;
				GCC_C_LANGUAGE_STANDARD = gnu17;
				GCC_DYNAMIC_NO_PIC = NO;
				GCC_NO_COMMON_BLOCKS = YES;
				GCC_OPTIMIZATION_LEVEL = 0;
				GCC_PREPROCESSOR_DEFINITIONS = (
					"DEBUG=1",
					"$(inherited)",
				);
				GCC_WARN_64_TO_32_BIT_CONVERSION = YES;
				GCC_WARN_ABOUT_RETURN_TYPE = YES_ERROR;
				GCC_WARN_UNDECLARED_SELECTOR = YES;
				GCC_WARN_UNINITIALIZED_AUTOS = YES_AGGRESSIVE;
				GCC_WARN_UNUSED_FUNCTION = YES;
				GCC_WARN_UNUSED_VARIABLE = YES;
				IPHONEOS_DEPLOYMENT_TARGET = 18.1;
				LOCALIZATION_PREFERS_STRING_CATALOGS = YES;
				MTL_ENABLE_DEBUG_INFO = INCLUDE_SOURCE;
				MTL_FAST_MATH = YES;
				ONLY_ACTIVE_ARCH = YES;
				SDKROOT = iphoneos;
				STRING_CATALOG_GENERATE_SYMBOLS = YES;
				SWIFT_ACTIVE_COMPILATION_CONDITIONS = "DEBUG $(inherited)";
				SWIFT_OPTIMIZATION_LEVEL = "-Onone";
			};
			name = Debug;
		};
		F75AC8C32CE375C7007A4F20 /* Release */ = {
			isa = XCBuildConfiguration;
			buildSettings = {
				ALWAYS_SEARCH_USER_PATHS = NO;
				ASSETCATALOG_COMPILER_GENERATE_SWIFT_ASSET_SYMBOL_EXTENSIONS = YES;
				CLANG_ANALYZER_NONNULL = YES;
				CLANG_ANALYZER_NUMBER_OBJECT_CONVERSION = YES_AGGRESSIVE;
				CLANG_CXX_LANGUAGE_STANDARD = "gnu++20";
				CLANG_ENABLE_MODULES = YES;
				CLANG_ENABLE_OBJC_ARC = YES;
				CLANG_ENABLE_OBJC_WEAK = YES;
				CLANG_WARN_BLOCK_CAPTURE_AUTORELEASING = YES;
				CLANG_WARN_BOOL_CONVERSION = YES;
				CLANG_WARN_COMMA = YES;
				CLANG_WARN_CONSTANT_CONVERSION = YES;
				CLANG_WARN_DEPRECATED_OBJC_IMPLEMENTATIONS = YES;
				CLANG_WARN_DIRECT_OBJC_ISA_USAGE = YES_ERROR;
				CLANG_WARN_DOCUMENTATION_COMMENTS = YES;
				CLANG_WARN_EMPTY_BODY = YES;
				CLANG_WARN_ENUM_CONVERSION = YES;
				CLANG_WARN_INFINITE_RECURSION = YES;
				CLANG_WARN_INT_CONVERSION = YES;
				CLANG_WARN_NON_LITERAL_NULL_CONVERSION = YES;
				CLANG_WARN_OBJC_IMPLICIT_RETAIN_SELF = YES;
				CLANG_WARN_OBJC_LITERAL_CONVERSION = YES;
				CLANG_WARN_OBJC_ROOT_CLASS = YES_ERROR;
				CLANG_WARN_QUOTED_INCLUDE_IN_FRAMEWORK_HEADER = YES;
				CLANG_WARN_RANGE_LOOP_ANALYSIS = YES;
				CLANG_WARN_STRICT_PROTOTYPES = YES;
				CLANG_WARN_SUSPICIOUS_MOVE = YES;
				CLANG_WARN_UNGUARDED_AVAILABILITY = YES_AGGRESSIVE;
				CLANG_WARN_UNREACHABLE_CODE = YES;
				CLANG_WARN__DUPLICATE_METHOD_MATCH = YES;
				COPY_PHASE_STRIP = NO;
				DEBUG_INFORMATION_FORMAT = "dwarf-with-dsym";
				ENABLE_NS_ASSERTIONS = NO;
				ENABLE_STRICT_OBJC_MSGSEND = YES;
				ENABLE_USER_SCRIPT_SANDBOXING = YES;
				GCC_C_LANGUAGE_STANDARD = gnu17;
				GCC_NO_COMMON_BLOCKS = YES;
				GCC_WARN_64_TO_32_BIT_CONVERSION = YES;
				GCC_WARN_ABOUT_RETURN_TYPE = YES_ERROR;
				GCC_WARN_UNDECLARED_SELECTOR = YES;
				GCC_WARN_UNINITIALIZED_AUTOS = YES_AGGRESSIVE;
				GCC_WARN_UNUSED_FUNCTION = YES;
				GCC_WARN_UNUSED_VARIABLE = YES;
				IPHONEOS_DEPLOYMENT_TARGET = 18.1;
				LOCALIZATION_PREFERS_STRING_CATALOGS = YES;
				MTL_ENABLE_DEBUG_INFO = NO;
				MTL_FAST_MATH = YES;
				SDKROOT = iphoneos;
				STRING_CATALOG_GENERATE_SYMBOLS = YES;
				SWIFT_COMPILATION_MODE = wholemodule;
				VALIDATE_PRODUCT = YES;
			};
			name = Release;
		};
		F75AC8C52CE375C7007A4F20 /* Debug */ = {
			isa = XCBuildConfiguration;
			buildSettings = {
				ASSETCATALOG_COMPILER_APPICON_NAME = AppIcon;
				ASSETCATALOG_COMPILER_GLOBAL_ACCENT_COLOR_NAME = AccentColor;
				CODE_SIGN_IDENTITY = "Apple Development";
				CODE_SIGN_STYLE = Automatic;
				CURRENT_PROJECT_VERSION = 1;
				DEVELOPMENT_ASSET_PATHS = "\"NeuroBandApp/Preview Content\"";
				DEVELOPMENT_TEAM = 64U2VG49LQ;
				ENABLE_PREVIEWS = YES;
				GENERATE_INFOPLIST_FILE = YES;
				INFOPLIST_FILE = NeuroBandApp/Info.plist;
				INFOPLIST_KEY_CFBundleDisplayName = NeuroBand;
				INFOPLIST_KEY_UIApplicationSceneManifest_Generation = YES;
				INFOPLIST_KEY_UIApplicationSupportsIndirectInputEvents = YES;
				INFOPLIST_KEY_UILaunchScreen_Generation = YES;
				INFOPLIST_KEY_UISupportedInterfaceOrientations_iPad = "UIInterfaceOrientationPortrait UIInterfaceOrientationPortraitUpsideDown UIInterfaceOrientationLandscapeLeft UIInterfaceOrientationLandscapeRight";
				INFOPLIST_KEY_UISupportedInterfaceOrientations_iPhone = "UIInterfaceOrientationPortrait UIInterfaceOrientationLandscapeLeft UIInterfaceOrientationLandscapeRight";
				LD_RUNPATH_SEARCH_PATHS = (
					"$(inherited)",
					"@executable_path/Frameworks",
				);
				MARKETING_VERSION = 1.0;
				PRODUCT_BUNDLE_IDENTIFIER = com.viren.NeuroBandApp;
				PRODUCT_NAME = "$(TARGET_NAME)";
				PROVISIONING_PROFILE_SPECIFIER = "";
				SWIFT_EMIT_LOC_STRINGS = YES;
				SWIFT_VERSION = 5.0;
				TARGETED_DEVICE_FAMILY = "1,2";
			};
			name = Debug;
		};
		F75AC8C62CE375C7007A4F20 /* Release */ = {
			isa = XCBuildConfiguration;
			buildSettings = {
				ASSETCATALOG_COMPILER_APPICON_NAME = AppIcon;
				ASSETCATALOG_COMPILER_GLOBAL_ACCENT_COLOR_NAME = AccentColor;
				CODE_SIGN_IDENTITY = "Apple Development";
				CODE_SIGN_STYLE = Automatic;
				CURRENT_PROJECT_VERSION = 1;
				DEVELOPMENT_ASSET_PATHS = "\"NeuroBandApp/Preview Content\"";
				DEVELOPMENT_TEAM = 64U2VG49LQ;
				ENABLE_PREVIEWS = YES;
				GENERATE_INFOPLIST_FILE = YES;
				INFOPLIST_FILE = NeuroBandApp/Info.plist;
				INFOPLIST_KEY_CFBundleDisplayName = NeuroBand;
				INFOPLIST_KEY_UIApplicationSceneManifest_Generation = YES;
				INFOPLIST_KEY_UIApplicationSupportsIndirectInputEvents = YES;
				INFOPLIST_KEY_UILaunchScreen_Generation = YES;
				INFOPLIST_KEY_UISupportedInterfaceOrientations_iPad = "UIInterfaceOrientationPortrait UIInterfaceOrientationPortraitUpsideDown UIInterfaceOrientationLandscapeLeft UIInterfaceOrientationLandscapeRight";
				INFOPLIST_KEY_UISupportedInterfaceOrientations_iPhone = "UIInterfaceOrientationPortrait UIInterfaceOrientationLandscapeLeft UIInterfaceOrientationLandscapeRight";
				LD_RUNPATH_SEARCH_PATHS = (
					"$(inherited)",
					"@executable_path/Frameworks",
				);
				MARKETING_VERSION = 1.0;
				PRODUCT_BUNDLE_IDENTIFIER = com.viren.NeuroBandApp;
				PRODUCT_NAME = "$(TARGET_NAME)";
				PROVISIONING_PROFILE_SPECIFIER = "";
				SWIFT_EMIT_LOC_STRINGS = YES;
				SWIFT_VERSION = 5.0;
				TARGETED_DEVICE_FAMILY = "1,2";
			};
			name = Release;
		};
		F75AC8C82CE375C7007A4F20 /* Debug */ = {
			isa = XCBuildConfiguration;
			buildSettings = {
				BUNDLE_LOADER = "$(TEST_HOST)";
				CODE_SIGN_STYLE = Automatic;
				CURRENT_PROJECT_VERSION = 1;
				GENERATE_INFOPLIST_FILE = YES;
				IPHONEOS_DEPLOYMENT_TARGET = 18.1;
				MARKETING_VERSION = 1.0;
				PRODUCT_BUNDLE_IDENTIFIER = com.viren.NeuroBandAppTests;
				PRODUCT_NAME = "$(TARGET_NAME)";
				SWIFT_EMIT_LOC_STRINGS = NO;
				SWIFT_VERSION = 5.0;
				TARGETED_DEVICE_FAMILY = "1,2";
				TEST_HOST = "$(BUILT_PRODUCTS_DIR)/NeuroBandApp.app/$(BUNDLE_EXECUTABLE_FOLDER_PATH)/NeuroBandApp";
			};
			name = Debug;
		};
		F75AC8C92CE375C7007A4F20 /* Release */ = {
			isa = XCBuildConfiguration;
			buildSettings = {
				BUNDLE_LOADER = "$(TEST_HOST)";
				CODE_SIGN_STYLE = Automatic;
				CURRENT_PROJECT_VERSION = 1;
				GENERATE_INFOPLIST_FILE = YES;
				IPHONEOS_DEPLOYMENT_TARGET = 18.1;
				MARKETING_VERSION = 1.0;
				PRODUCT_BUNDLE_IDENTIFIER = com.viren.NeuroBandAppTests;
				PRODUCT_NAME = "$(TARGET_NAME)";
				SWIFT_EMIT_LOC_STRINGS = NO;
				SWIFT_VERSION = 5.0;
				TARGETED_DEVICE_FAMILY = "1,2";
				TEST_HOST = "$(BUILT_PRODUCTS_DIR)/NeuroBandApp.app/$(BUNDLE_EXECUTABLE_FOLDER_PATH)/NeuroBandApp";
			};
			name = Release;
		};
		F75AC8CB2CE375C7007A4F20 /* Debug */ = {
			isa = XCBuildConfiguration;
			buildSettings = {
				CODE_SIGN_STYLE = Automatic;
				CURRENT_PROJECT_VERSION = 1;
				GENERATE_INFOPLIST_FILE = YES;
				MARKETING_VERSION = 1.0;
				PRODUCT_BUNDLE_IDENTIFIER = com.viren.NeuroBandAppUITests;
				PRODUCT_NAME = "$(TARGET_NAME)";
				SWIFT_EMIT_LOC_STRINGS = NO;
				SWIFT_VERSION = 5.0;
				TARGETED_DEVICE_FAMILY = "1,2";
				TEST_TARGET_NAME = NeuroBandApp;
			};
			name = Debug;
		};
		F75AC8CC2CE375C7007A4F20 /* Release */ = {
			isa = XCBuildConfiguration;
			buildSettings = {
				CODE_SIGN_STYLE = Automatic;
				CURRENT_PROJECT_VERSION = 1;
				GENERATE_INFOPLIST_FILE = YES;
				MARKETING_VERSION = 1.0;
				PRODUCT_BUNDLE_IDENTIFIER = com.viren.NeuroBandAppUITests;
				PRODUCT_NAME = "$(TARGET_NAME)";
				SWIFT_EMIT_LOC_STRINGS = NO;
				SWIFT_VERSION = 5.0;
				TARGETED_DEVICE_FAMILY = "1,2";
				TEST_TARGET_NAME = NeuroBandApp;
			};
			name = Release;
		};
/* End XCBuildConfiguration section */

/* Begin XCConfigurationList section */
		F75AC89B2CE375C5007A4F20 /* Build configuration list for PBXProject "NeuroBandApp" */ = {
			isa = XCConfigurationList;
			buildConfigurations = (
				F75AC8C22CE375C7007A4F20 /* Debug */,
				F75AC8C32CE375C7007A4F20 /* Release */,
			);
			defaultConfigurationIsVisible = 0;
			defaultConfigurationName = Release;
		};
		F75AC8C42CE375C7007A4F20 /* Build configuration list for PBXNativeTarget "NeuroBandApp" */ = {
			isa = XCConfigurationList;
			buildConfigurations = (
				F75AC8C52CE375C7007A4F20 /* Debug */,
				F75AC8C62CE375C7007A4F20 /* Release */,
			);
			defaultConfigurationIsVisible = 0;
			defaultConfigurationName = Release;
		};
		F75AC8C72CE375C7007A4F20 /* Build configuration list for PBXNativeTarget "NeuroBandAppTests" */ = {
			isa = XCConfigurationList;
			buildConfigurations = (
				F75AC8C82CE375C7007A4F20 /* Debug */,
				F75AC8C92CE375C7007A4F20 /* Release */,
			);
			defaultConfigurationIsVisible = 0;
			defaultConfigurationName = Release;
		};
		F75AC8CA2CE375C7007A4F20 /* Build configuration list for PBXNativeTarget "NeuroBandAppUITests" */ = {
			isa = XCConfigurationList;
			buildConfigurations = (
				F75AC8CB2CE375C7007A4F20 /* Debug */,
				F75AC8CC2CE375C7007A4F20 /* Release */,
			);
			defaultConfigurationIsVisible = 0;
			defaultConfigurationName = Release;
		};
/* End XCConfigurationList section */
	};
	rootObject = F75AC8982CE375C5007A4F20 /* Project object */;
}
